// !$*UTF8*$!
{
	archiveVersion = 1;
	classes = {
	};
	objectVersion = 48;
	objects = {

/* Begin PBXBuildFile section */
		2A15CD95DE457D1D3BF6C260 /* Pods_TweeTy.framework in Frameworks */ = {isa = PBXBuildFile; fileRef = 7A9CBD92DF6A7B2A99ECBDB4 /* Pods_TweeTy.framework */; };
		5B2EDE061F89062D00F0752D /* TweetResultsTableViewCell.swift in Sources */ = {isa = PBXBuildFile; fileRef = 5B2EDE051F89062D00F0752D /* TweetResultsTableViewCell.swift */; };
		5B342CC31F8CBEA300CA1D84 /* TwitterRequest.swift in Sources */ = {isa = PBXBuildFile; fileRef = 5B342CC21F8CBEA300CA1D84 /* TwitterRequest.swift */; };
		5B62E7381F855DFC00E35983 /* AppDelegate.swift in Sources */ = {isa = PBXBuildFile; fileRef = 5B62E7371F855DFC00E35983 /* AppDelegate.swift */; };
		5B62E73D1F855DFC00E35983 /* Main.storyboard in Resources */ = {isa = PBXBuildFile; fileRef = 5B62E73B1F855DFC00E35983 /* Main.storyboard */; };
		5B62E7401F855DFC00E35983 /* TweeTy.xcdatamodeld in Sources */ = {isa = PBXBuildFile; fileRef = 5B62E73E1F855DFC00E35983 /* TweeTy.xcdatamodeld */; };
		5B62E7421F855DFC00E35983 /* Assets.xcassets in Resources */ = {isa = PBXBuildFile; fileRef = 5B62E7411F855DFC00E35983 /* Assets.xcassets */; };
		5B62E7451F855DFC00E35983 /* LaunchScreen.storyboard in Resources */ = {isa = PBXBuildFile; fileRef = 5B62E7431F855DFC00E35983 /* LaunchScreen.storyboard */; };
		5B62E74F1F85637400E35983 /* RecentSearch.swift in Sources */ = {isa = PBXBuildFile; fileRef = 5B62E74E1F85637400E35983 /* RecentSearch.swift */; };
		5B62E7511F85645B00E35983 /* RecentSearchesTableViewController.swift in Sources */ = {isa = PBXBuildFile; fileRef = 5B62E7501F85645B00E35983 /* RecentSearchesTableViewController.swift */; };
		5B62E7531F85647400E35983 /* CoreDataTableViewController.swift in Sources */ = {isa = PBXBuildFile; fileRef = 5B62E7521F85647400E35983 /* CoreDataTableViewController.swift */; };
		5B62E7551F8573F600E35983 /* RecentSearchesTableViewCell.swift in Sources */ = {isa = PBXBuildFile; fileRef = 5B62E7541F8573F600E35983 /* RecentSearchesTableViewCell.swift */; };
		5B6FB4041F85AB1300F6B909 /* TweetsResultsTableViewController.swift in Sources */ = {isa = PBXBuildFile; fileRef = 5B6FB4031F85AB1300F6B909 /* TweetsResultsTableViewController.swift */; };
		5B8F2E261F8BE96B0094E91F /* Tweet.swift in Sources */ = {isa = PBXBuildFile; fileRef = 5B8F2E251F8BE96B0094E91F /* Tweet.swift */; };
		5BA8C4FF1F859A1B00689A25 /* O_RecentSearch.swift in Sources */ = {isa = PBXBuildFile; fileRef = 5BA8C4FE1F859A1B00689A25 /* O_RecentSearch.swift */; };
		5BC1CE6F1F8D419A00A9B447 /* TweetDetailTableViewController.swift in Sources */ = {isa = PBXBuildFile; fileRef = 5BC1CE6E1F8D419A00A9B447 /* TweetDetailTableViewController.swift */; };
		5BC1CE721F8D4BA500A9B447 /* ImageTweetDetailTableViewCell.swift in Sources */ = {isa = PBXBuildFile; fileRef = 5BC1CE711F8D4BA500A9B447 /* ImageTweetDetailTableViewCell.swift */; };
		5BC1CE741F8D4BC300A9B447 /* UserTweetDetailTableViewCell.swift in Sources */ = {isa = PBXBuildFile; fileRef = 5BC1CE731F8D4BC300A9B447 /* UserTweetDetailTableViewCell.swift */; };
		5BC1CE761F8D4BD100A9B447 /* UrlTweetDetailTableViewCell.swift in Sources */ = {isa = PBXBuildFile; fileRef = 5BC1CE751F8D4BD100A9B447 /* UrlTweetDetailTableViewCell.swift */; };
		5BC1CE781F8D4BE000A9B447 /* HashtagTweetDetailTableViewCell.swift in Sources */ = {isa = PBXBuildFile; fileRef = 5BC1CE771F8D4BE000A9B447 /* HashtagTweetDetailTableViewCell.swift */; };
/* End PBXBuildFile section */

/* Begin PBXFileReference section */
		0A2FC7EEB229D7AE3C0D9573 /* Pods-TweeTy.debug.xcconfig */ = {isa = PBXFileReference; includeInIndex = 1; lastKnownFileType = text.xcconfig; name = "Pods-TweeTy.debug.xcconfig"; path = "Pods/Target Support Files/Pods-TweeTy/Pods-TweeTy.debug.xcconfig"; sourceTree = "<group>"; };
		4A6430D23CA0DDBEFAF41121 /* Pods-TweeTy.release.xcconfig */ = {isa = PBXFileReference; includeInIndex = 1; lastKnownFileType = text.xcconfig; name = "Pods-TweeTy.release.xcconfig"; path = "Pods/Target Support Files/Pods-TweeTy/Pods-TweeTy.release.xcconfig"; sourceTree = "<group>"; };
		5B2EDE051F89062D00F0752D /* TweetResultsTableViewCell.swift */ = {isa = PBXFileReference; lastKnownFileType = sourcecode.swift; path = TweetResultsTableViewCell.swift; sourceTree = "<group>"; };
		5B342CC21F8CBEA300CA1D84 /* TwitterRequest.swift */ = {isa = PBXFileReference; lastKnownFileType = sourcecode.swift; path = TwitterRequest.swift; sourceTree = "<group>"; };
		5B62E7341F855DFC00E35983 /* TweeTy.app */ = {isa = PBXFileReference; explicitFileType = wrapper.application; includeInIndex = 0; path = TweeTy.app; sourceTree = BUILT_PRODUCTS_DIR; };
		5B62E7371F855DFC00E35983 /* AppDelegate.swift */ = {isa = PBXFileReference; lastKnownFileType = sourcecode.swift; path = AppDelegate.swift; sourceTree = "<group>"; };
		5B62E73C1F855DFC00E35983 /* Base */ = {isa = PBXFileReference; lastKnownFileType = file.storyboard; name = Base; path = Base.lproj/Main.storyboard; sourceTree = "<group>"; };
		5B62E73F1F855DFC00E35983 /* TweeTy.xcdatamodel */ = {isa = PBXFileReference; lastKnownFileType = wrapper.xcdatamodel; path = TweeTy.xcdatamodel; sourceTree = "<group>"; };
		5B62E7411F855DFC00E35983 /* Assets.xcassets */ = {isa = PBXFileReference; lastKnownFileType = folder.assetcatalog; path = Assets.xcassets; sourceTree = "<group>"; };
		5B62E7441F855DFC00E35983 /* Base */ = {isa = PBXFileReference; lastKnownFileType = file.storyboard; name = Base; path = Base.lproj/LaunchScreen.storyboard; sourceTree = "<group>"; };
		5B62E7461F855DFC00E35983 /* Info.plist */ = {isa = PBXFileReference; lastKnownFileType = text.plist.xml; path = Info.plist; sourceTree = "<group>"; };
		5B62E74E1F85637400E35983 /* RecentSearch.swift */ = {isa = PBXFileReference; lastKnownFileType = sourcecode.swift; path = RecentSearch.swift; sourceTree = "<group>"; };
		5B62E7501F85645B00E35983 /* RecentSearchesTableViewController.swift */ = {isa = PBXFileReference; lastKnownFileType = sourcecode.swift; path = RecentSearchesTableViewController.swift; sourceTree = "<group>"; };
		5B62E7521F85647400E35983 /* CoreDataTableViewController.swift */ = {isa = PBXFileReference; lastKnownFileType = sourcecode.swift; path = CoreDataTableViewController.swift; sourceTree = "<group>"; };
		5B62E7541F8573F600E35983 /* RecentSearchesTableViewCell.swift */ = {isa = PBXFileReference; lastKnownFileType = sourcecode.swift; path = RecentSearchesTableViewCell.swift; sourceTree = "<group>"; };
		5B6FB4031F85AB1300F6B909 /* TweetsResultsTableViewController.swift */ = {isa = PBXFileReference; lastKnownFileType = sourcecode.swift; path = TweetsResultsTableViewController.swift; sourceTree = "<group>"; };
		5B8F2E251F8BE96B0094E91F /* Tweet.swift */ = {isa = PBXFileReference; lastKnownFileType = sourcecode.swift; path = Tweet.swift; sourceTree = "<group>"; };
		5BA8C4FE1F859A1B00689A25 /* O_RecentSearch.swift */ = {isa = PBXFileReference; lastKnownFileType = sourcecode.swift; path = O_RecentSearch.swift; sourceTree = "<group>"; };
		5BC1CE6E1F8D419A00A9B447 /* TweetDetailTableViewController.swift */ = {isa = PBXFileReference; lastKnownFileType = sourcecode.swift; path = TweetDetailTableViewController.swift; sourceTree = "<group>"; };
		5BC1CE711F8D4BA500A9B447 /* ImageTweetDetailTableViewCell.swift */ = {isa = PBXFileReference; lastKnownFileType = sourcecode.swift; path = ImageTweetDetailTableViewCell.swift; sourceTree = "<group>"; };
		5BC1CE731F8D4BC300A9B447 /* UserTweetDetailTableViewCell.swift */ = {isa = PBXFileReference; lastKnownFileType = sourcecode.swift; path = UserTweetDetailTableViewCell.swift; sourceTree = "<group>"; };
		5BC1CE751F8D4BD100A9B447 /* UrlTweetDetailTableViewCell.swift */ = {isa = PBXFileReference; lastKnownFileType = sourcecode.swift; path = UrlTweetDetailTableViewCell.swift; sourceTree = "<group>"; };
		5BC1CE771F8D4BE000A9B447 /* HashtagTweetDetailTableViewCell.swift */ = {isa = PBXFileReference; lastKnownFileType = sourcecode.swift; path = HashtagTweetDetailTableViewCell.swift; sourceTree = "<group>"; };
		7A9CBD92DF6A7B2A99ECBDB4 /* Pods_TweeTy.framework */ = {isa = PBXFileReference; explicitFileType = wrapper.framework; includeInIndex = 0; path = Pods_TweeTy.framework; sourceTree = BUILT_PRODUCTS_DIR; };
/* End PBXFileReference section */

/* Begin PBXFrameworksBuildPhase section */
		5B62E7311F855DFC00E35983 /* Frameworks */ = {
			isa = PBXFrameworksBuildPhase;
			buildActionMask = 2147483647;
			files = (
				2A15CD95DE457D1D3BF6C260 /* Pods_TweeTy.framework in Frameworks */,
			);
			runOnlyForDeploymentPostprocessing = 0;
		};
/* End PBXFrameworksBuildPhase section */

/* Begin PBXGroup section */
		3014CC7FD08540B99F1A47A7 /* Pods */ = {
			isa = PBXGroup;
			children = (
				0A2FC7EEB229D7AE3C0D9573 /* Pods-TweeTy.debug.xcconfig */,
				4A6430D23CA0DDBEFAF41121 /* Pods-TweeTy.release.xcconfig */,
			);
			name = Pods;
			sourceTree = "<group>";
		};
		5B62E72B1F855DFC00E35983 = {
			isa = PBXGroup;
			children = (
				5B62E7361F855DFC00E35983 /* TweeTy */,
				5B62E7351F855DFC00E35983 /* Products */,
				3014CC7FD08540B99F1A47A7 /* Pods */,
				77DF0F90B0DF3042E77F0612 /* Frameworks */,
			);
			sourceTree = "<group>";
		};
		5B62E7351F855DFC00E35983 /* Products */ = {
			isa = PBXGroup;
			children = (
				5B62E7341F855DFC00E35983 /* TweeTy.app */,
			);
			name = Products;
			sourceTree = "<group>";
		};
		5B62E7361F855DFC00E35983 /* TweeTy */ = {
			isa = PBXGroup;
			children = (
				5B62E73B1F855DFC00E35983 /* Main.storyboard */,
				5B62E74C1F855E1800E35983 /* Supporting Files */,
				5BA8C5001F859A3300689A25 /* Domain */,
				5B62E74D1F855E2600E35983 /* TweetyData */,
				5BC1CE701F8D419E00A9B447 /* TwitterDetail */,
				5BA8C5011F85AA4200689A25 /* TwitterResults */,
				5BA8C4F91F85772600689A25 /* RecentSearches */,
				5B62E7461F855DFC00E35983 /* Info.plist */,
			);
			path = TweeTy;
			sourceTree = "<group>";
		};
		5B62E74C1F855E1800E35983 /* Supporting Files */ = {
			isa = PBXGroup;
			children = (
				5B62E7371F855DFC00E35983 /* AppDelegate.swift */,
				5B62E7411F855DFC00E35983 /* Assets.xcassets */,
				5B62E7431F855DFC00E35983 /* LaunchScreen.storyboard */,
			);
			path = "Supporting Files";
			sourceTree = "<group>";
		};
		5B62E74D1F855E2600E35983 /* TweetyData */ = {
			isa = PBXGroup;
			children = (
				5B62E73E1F855DFC00E35983 /* TweeTy.xcdatamodeld */,
				5B62E74E1F85637400E35983 /* RecentSearch.swift */,
				5B62E7521F85647400E35983 /* CoreDataTableViewController.swift */,
			);
			path = TweetyData;
			sourceTree = "<group>";
		};
		5BA8C4F91F85772600689A25 /* RecentSearches */ = {
			isa = PBXGroup;
			children = (
				5B62E7501F85645B00E35983 /* RecentSearchesTableViewController.swift */,
				5B62E7541F8573F600E35983 /* RecentSearchesTableViewCell.swift */,
			);
			path = RecentSearches;
			sourceTree = "<group>";
		};
		5BA8C5001F859A3300689A25 /* Domain */ = {
			isa = PBXGroup;
			children = (
				5BA8C4FE1F859A1B00689A25 /* O_RecentSearch.swift */,
				5B8F2E251F8BE96B0094E91F /* Tweet.swift */,
			);
			path = Domain;
			sourceTree = "<group>";
		};
		5BA8C5011F85AA4200689A25 /* TwitterResults */ = {
			isa = PBXGroup;
			children = (
				5B6FB4031F85AB1300F6B909 /* TweetsResultsTableViewController.swift */,
				5B2EDE051F89062D00F0752D /* TweetResultsTableViewCell.swift */,
				5B342CC21F8CBEA300CA1D84 /* TwitterRequest.swift */,
			);
			path = TwitterResults;
			sourceTree = "<group>";
		};
		5BC1CE701F8D419E00A9B447 /* TwitterDetail */ = {
			isa = PBXGroup;
			children = (
				5BC1CE6E1F8D419A00A9B447 /* TweetDetailTableViewController.swift */,
				5BC1CE711F8D4BA500A9B447 /* ImageTweetDetailTableViewCell.swift */,
				5BC1CE731F8D4BC300A9B447 /* UserTweetDetailTableViewCell.swift */,
				5BC1CE751F8D4BD100A9B447 /* UrlTweetDetailTableViewCell.swift */,
				5BC1CE771F8D4BE000A9B447 /* HashtagTweetDetailTableViewCell.swift */,
			);
			path = TwitterDetail;
			sourceTree = "<group>";
		};
		77DF0F90B0DF3042E77F0612 /* Frameworks */ = {
			isa = PBXGroup;
			children = (
				7A9CBD92DF6A7B2A99ECBDB4 /* Pods_TweeTy.framework */,
			);
			name = Frameworks;
			sourceTree = "<group>";
		};
/* End PBXGroup section */

/* Begin PBXNativeTarget section */
		5B62E7331F855DFC00E35983 /* TweeTy */ = {
			isa = PBXNativeTarget;
			buildConfigurationList = 5B62E7491F855DFC00E35983 /* Build configuration list for PBXNativeTarget "TweeTy" */;
			buildPhases = (
				D1251186F79FA5CA4C94FCB3 /* [CP] Check Pods Manifest.lock */,
				5B62E7301F855DFC00E35983 /* Sources */,
				5B62E7311F855DFC00E35983 /* Frameworks */,
				5B62E7321F855DFC00E35983 /* Resources */,
				9EC416B616A118B1497FB876 /* [CP] Embed Pods Frameworks */,
				45946FEC1AA4521B9A26C8F3 /* [CP] Copy Pods Resources */,
			);
			buildRules = (
			);
			dependencies = (
			);
			name = TweeTy;
			productName = TweeTy;
			productReference = 5B62E7341F855DFC00E35983 /* TweeTy.app */;
			productType = "com.apple.product-type.application";
		};
/* End PBXNativeTarget section */

/* Begin PBXProject section */
		5B62E72C1F855DFC00E35983 /* Project object */ = {
			isa = PBXProject;
			attributes = {
				LastSwiftUpdateCheck = 0900;
				LastUpgradeCheck = 0900;
				ORGANIZATIONNAME = "Ramon Schriks";
				TargetAttributes = {
					5B62E7331F855DFC00E35983 = {
						CreatedOnToolsVersion = 9.0;
						ProvisioningStyle = Automatic;
					};
				};
			};
			buildConfigurationList = 5B62E72F1F855DFC00E35983 /* Build configuration list for PBXProject "TweeTy" */;
			compatibilityVersion = "Xcode 8.0";
			developmentRegion = en;
			hasScannedForEncodings = 0;
			knownRegions = (
				en,
				Base,
			);
			mainGroup = 5B62E72B1F855DFC00E35983;
			productRefGroup = 5B62E7351F855DFC00E35983 /* Products */;
			projectDirPath = "";
			projectRoot = "";
			targets = (
				5B62E7331F855DFC00E35983 /* TweeTy */,
			);
		};
/* End PBXProject section */

/* Begin PBXResourcesBuildPhase section */
		5B62E7321F855DFC00E35983 /* Resources */ = {
			isa = PBXResourcesBuildPhase;
			buildActionMask = 2147483647;
			files = (
				5B62E7451F855DFC00E35983 /* LaunchScreen.storyboard in Resources */,
				5B62E7421F855DFC00E35983 /* Assets.xcassets in Resources */,
				5B62E73D1F855DFC00E35983 /* Main.storyboard in Resources */,
			);
			runOnlyForDeploymentPostprocessing = 0;
		};
/* End PBXResourcesBuildPhase section */

/* Begin PBXShellScriptBuildPhase section */
		45946FEC1AA4521B9A26C8F3 /* [CP] Copy Pods Resources */ = {
			isa = PBXShellScriptBuildPhase;
			buildActionMask = 2147483647;
			files = (
			);
			inputPaths = (
				"${SRCROOT}/Pods/Target Support Files/Pods-TweeTy/Pods-TweeTy-resources.sh",
				"${PODS_ROOT}/TwitterKit/iOS/TwitterKit.framework/TwitterKitResources.bundle",
				"${PODS_ROOT}/TwitterKit/iOS/TwitterKit.framework/TwitterShareExtensionUIResources.bundle",
			);
			name = "[CP] Copy Pods Resources";
			outputPaths = (
				"${TARGET_BUILD_DIR}/${UNLOCALIZED_RESOURCES_FOLDER_PATH}",
			);
			runOnlyForDeploymentPostprocessing = 0;
			shellPath = /bin/sh;
			shellScript = "\"${SRCROOT}/Pods/Target Support Files/Pods-TweeTy/Pods-TweeTy-resources.sh\"\n";
			showEnvVarsInLog = 0;
		};
		9EC416B616A118B1497FB876 /* [CP] Embed Pods Frameworks */ = {
			isa = PBXShellScriptBuildPhase;
			buildActionMask = 2147483647;
			files = (
			);
			inputPaths = (
				"${SRCROOT}/Pods/Target Support Files/Pods-TweeTy/Pods-TweeTy-frameworks.sh",
				"${BUILT_PRODUCTS_DIR}/SwiftyJSON/SwiftyJSON.framework",
			);
			name = "[CP] Embed Pods Frameworks";
			outputPaths = (
				"${TARGET_BUILD_DIR}/${FRAMEWORKS_FOLDER_PATH}/SwiftyJSON.framework",
			);
			runOnlyForDeploymentPostprocessing = 0;
			shellPath = /bin/sh;
			shellScript = "\"${SRCROOT}/Pods/Target Support Files/Pods-TweeTy/Pods-TweeTy-frameworks.sh\"\n";
			showEnvVarsInLog = 0;
		};
		D1251186F79FA5CA4C94FCB3 /* [CP] Check Pods Manifest.lock */ = {
			isa = PBXShellScriptBuildPhase;
			buildActionMask = 2147483647;
			files = (
			);
			inputPaths = (
				"${PODS_PODFILE_DIR_PATH}/Podfile.lock",
				"${PODS_ROOT}/Manifest.lock",
			);
			name = "[CP] Check Pods Manifest.lock";
			outputPaths = (
				"$(DERIVED_FILE_DIR)/Pods-TweeTy-checkManifestLockResult.txt",
			);
			runOnlyForDeploymentPostprocessing = 0;
			shellPath = /bin/sh;
			shellScript = "diff \"${PODS_PODFILE_DIR_PATH}/Podfile.lock\" \"${PODS_ROOT}/Manifest.lock\" > /dev/null\nif [ $? != 0 ] ; then\n    # print error to STDERR\n    echo \"error: The sandbox is not in sync with the Podfile.lock. Run 'pod install' or update your CocoaPods installation.\" >&2\n    exit 1\nfi\n# This output is used by Xcode 'outputs' to avoid re-running this script phase.\necho \"SUCCESS\" > \"${SCRIPT_OUTPUT_FILE_0}\"\n";
			showEnvVarsInLog = 0;
		};
/* End PBXShellScriptBuildPhase section */

/* Begin PBXSourcesBuildPhase section */
		5B62E7301F855DFC00E35983 /* Sources */ = {
			isa = PBXSourcesBuildPhase;
			buildActionMask = 2147483647;
			files = (
				5BC1CE721F8D4BA500A9B447 /* ImageTweetDetailTableViewCell.swift in Sources */,
				5B62E7511F85645B00E35983 /* RecentSearchesTableViewController.swift in Sources */,
				5B62E7381F855DFC00E35983 /* AppDelegate.swift in Sources */,
				5BC1CE741F8D4BC300A9B447 /* UserTweetDetailTableViewCell.swift in Sources */,
				5B62E7551F8573F600E35983 /* RecentSearchesTableViewCell.swift in Sources */,
				5BA8C4FF1F859A1B00689A25 /* O_RecentSearch.swift in Sources */,
				5BC1CE6F1F8D419A00A9B447 /* TweetDetailTableViewController.swift in Sources */,
				5B62E7401F855DFC00E35983 /* TweeTy.xcdatamodeld in Sources */,
				5B2EDE061F89062D00F0752D /* TweetResultsTableViewCell.swift in Sources */,
				5B62E7531F85647400E35983 /* CoreDataTableViewController.swift in Sources */,
				5BC1CE761F8D4BD100A9B447 /* UrlTweetDetailTableViewCell.swift in Sources */,
				5B6FB4041F85AB1300F6B909 /* TweetsResultsTableViewController.swift in Sources */,
				5B342CC31F8CBEA300CA1D84 /* TwitterRequest.swift in Sources */,
				5B8F2E261F8BE96B0094E91F /* Tweet.swift in Sources */,
				5B62E74F1F85637400E35983 /* RecentSearch.swift in Sources */,
				5BC1CE781F8D4BE000A9B447 /* HashtagTweetDetailTableViewCell.swift in Sources */,
			);
			runOnlyForDeploymentPostprocessing = 0;
		};
/* End PBXSourcesBuildPhase section */

/* Begin PBXVariantGroup section */
		5B62E73B1F855DFC00E35983 /* Main.storyboard */ = {
			isa = PBXVariantGroup;
			children = (
				5B62E73C1F855DFC00E35983 /* Base */,
			);
			name = Main.storyboard;
			sourceTree = "<group>";
		};
		5B62E7431F855DFC00E35983 /* LaunchScreen.storyboard */ = {
			isa = PBXVariantGroup;
			children = (
				5B62E7441F855DFC00E35983 /* Base */,
			);
			name = LaunchScreen.storyboard;
			sourceTree = "<group>";
		};
/* End PBXVariantGroup section */

/* Begin XCBuildConfiguration section */
		5B62E7471F855DFC00E35983 /* Debug */ = {
			isa = XCBuildConfiguration;
			buildSettings = {
				ALWAYS_SEARCH_USER_PATHS = NO;
				CLANG_ANALYZER_NONNULL = YES;
				CLANG_ANALYZER_NUMBER_OBJECT_CONVERSION = YES_AGGRESSIVE;
				CLANG_CXX_LANGUAGE_STANDARD = "gnu++14";
				CLANG_CXX_LIBRARY = "libc++";
				CLANG_ENABLE_MODULES = YES;
				CLANG_ENABLE_OBJC_ARC = YES;
				CLANG_WARN_BLOCK_CAPTURE_AUTORELEASING = YES;
				CLANG_WARN_BOOL_CONVERSION = YES;
				CLANG_WARN_COMMA = YES;
				CLANG_WARN_CONSTANT_CONVERSION = YES;
				CLANG_WARN_DIRECT_OBJC_ISA_USAGE = YES_ERROR;
				CLANG_WARN_DOCUMENTATION_COMMENTS = YES;
				CLANG_WARN_EMPTY_BODY = YES;
				CLANG_WARN_ENUM_CONVERSION = YES;
				CLANG_WARN_INFINITE_RECURSION = YES;
				CLANG_WARN_INT_CONVERSION = YES;
				CLANG_WARN_NON_LITERAL_NULL_CONVERSION = YES;
				CLANG_WARN_OBJC_LITERAL_CONVERSION = YES;
				CLANG_WARN_OBJC_ROOT_CLASS = YES_ERROR;
				CLANG_WARN_RANGE_LOOP_ANALYSIS = YES;
				CLANG_WARN_STRICT_PROTOTYPES = YES;
				CLANG_WARN_SUSPICIOUS_MOVE = YES;
				CLANG_WARN_UNGUARDED_AVAILABILITY = YES_AGGRESSIVE;
				CLANG_WARN_UNREACHABLE_CODE = YES;
				CLANG_WARN__DUPLICATE_METHOD_MATCH = YES;
				CODE_SIGN_IDENTITY = "iPhone Developer";
				COPY_PHASE_STRIP = NO;
				DEBUG_INFORMATION_FORMAT = dwarf;
				ENABLE_STRICT_OBJC_MSGSEND = YES;
				ENABLE_TESTABILITY = YES;
				GCC_C_LANGUAGE_STANDARD = gnu11;
				GCC_DYNAMIC_NO_PIC = NO;
				GCC_NO_COMMON_BLOCKS = YES;
				GCC_OPTIMIZATION_LEVEL = 0;
				GCC_PREPROCESSOR_DEFINITIONS = (
					"DEBUG=1",
					"$(inherited)",
				);
				GCC_WARN_64_TO_32_BIT_CONVERSION = YES;
				GCC_WARN_ABOUT_RETURN_TYPE = YES_ERROR;
				GCC_WARN_UNDECLARED_SELECTOR = YES;
				GCC_WARN_UNINITIALIZED_AUTOS = YES_AGGRESSIVE;
				GCC_WARN_UNUSED_FUNCTION = YES;
				GCC_WARN_UNUSED_VARIABLE = YES;
				IPHONEOS_DEPLOYMENT_TARGET = 11.0;
				MTL_ENABLE_DEBUG_INFO = YES;
				ONLY_ACTIVE_ARCH = YES;
				SDKROOT = iphoneos;
				SWIFT_ACTIVE_COMPILATION_CONDITIONS = DEBUG;
				SWIFT_OPTIMIZATION_LEVEL = "-Onone";
			};
			name = Debug;
		};
		5B62E7481F855DFC00E35983 /* Release */ = {
			isa = XCBuildConfiguration;
			buildSettings = {
				ALWAYS_SEARCH_USER_PATHS = NO;
				CLANG_ANALYZER_NONNULL = YES;
				CLANG_ANALYZER_NUMBER_OBJECT_CONVERSION = YES_AGGRESSIVE;
				CLANG_CXX_LANGUAGE_STANDARD = "gnu++14";
				CLANG_CXX_LIBRARY = "libc++";
				CLANG_ENABLE_MODULES = YES;
				CLANG_ENABLE_OBJC_ARC = YES;
				CLANG_WARN_BLOCK_CAPTURE_AUTORELEASING = YES;
				CLANG_WARN_BOOL_CONVERSION = YES;
				CLANG_WARN_COMMA = YES;
				CLANG_WARN_CONSTANT_CONVERSION = YES;
				CLANG_WARN_DIRECT_OBJC_ISA_USAGE = YES_ERROR;
				CLANG_WARN_DOCUMENTATION_COMMENTS = YES;
				CLANG_WARN_EMPTY_BODY = YES;
				CLANG_WARN_ENUM_CONVERSION = YES;
				CLANG_WARN_INFINITE_RECURSION = YES;
				CLANG_WARN_INT_CONVERSION = YES;
				CLANG_WARN_NON_LITERAL_NULL_CONVERSION = YES;
				CLANG_WARN_OBJC_LITERAL_CONVERSION = YES;
				CLANG_WARN_OBJC_ROOT_CLASS = YES_ERROR;
				CLANG_WARN_RANGE_LOOP_ANALYSIS = YES;
				CLANG_WARN_STRICT_PROTOTYPES = YES;
				CLANG_WARN_SUSPICIOUS_MOVE = YES;
				CLANG_WARN_UNGUARDED_AVAILABILITY = YES_AGGRESSIVE;
				CLANG_WARN_UNREACHABLE_CODE = YES;
				CLANG_WARN__DUPLICATE_METHOD_MATCH = YES;
				CODE_SIGN_IDENTITY = "iPhone Developer";
				COPY_PHASE_STRIP = NO;
				DEBUG_INFORMATION_FORMAT = "dwarf-with-dsym";
				ENABLE_NS_ASSERTIONS = NO;
				ENABLE_STRICT_OBJC_MSGSEND = YES;
				GCC_C_LANGUAGE_STANDARD = gnu11;
				GCC_NO_COMMON_BLOCKS = YES;
				GCC_WARN_64_TO_32_BIT_CONVERSION = YES;
				GCC_WARN_ABOUT_RETURN_TYPE = YES_ERROR;
				GCC_WARN_UNDECLARED_SELECTOR = YES;
				GCC_WARN_UNINITIALIZED_AUTOS = YES_AGGRESSIVE;
				GCC_WARN_UNUSED_FUNCTION = YES;
				GCC_WARN_UNUSED_VARIABLE = YES;
				IPHONEOS_DEPLOYMENT_TARGET = 11.0;
				MTL_ENABLE_DEBUG_INFO = NO;
				SDKROOT = iphoneos;
				SWIFT_OPTIMIZATION_LEVEL = "-Owholemodule";
				VALIDATE_PRODUCT = YES;
			};
			name = Release;
		};
		5B62E74A1F855DFC00E35983 /* Debug */ = {
			isa = XCBuildConfiguration;
			baseConfigurationReference = 0A2FC7EEB229D7AE3C0D9573 /* Pods-TweeTy.debug.xcconfig */;
			buildSettings = {
				ASSETCATALOG_COMPILER_APPICON_NAME = AppIcon;
				CODE_SIGN_STYLE = Automatic;
				DEVELOPMENT_TEAM = 84VM5F8YU8;
				INFOPLIST_FILE = TweeTy/Info.plist;
				LD_RUNPATH_SEARCH_PATHS = "$(inherited) @executable_path/Frameworks";
				PRODUCT_BUNDLE_IDENTIFIER = nl.ica.han.TweeTy;
				PRODUCT_NAME = "$(TARGET_NAME)";
				SWIFT_VERSION = 4.0;
				TARGETED_DEVICE_FAMILY = "1,2";
			};
			name = Debug;
		};
		5B62E74B1F855DFC00E35983 /* Release */ = {
			isa = XCBuildConfiguration;
			baseConfigurationReference = 4A6430D23CA0DDBEFAF41121 /* Pods-TweeTy.release.xcconfig */;
			buildSettings = {
				ASSETCATALOG_COMPILER_APPICON_NAME = AppIcon;
				CODE_SIGN_STYLE = Automatic;
				DEVELOPMENT_TEAM = 84VM5F8YU8;
				INFOPLIST_FILE = TweeTy/Info.plist;
				LD_RUNPATH_SEARCH_PATHS = "$(inherited) @executable_path/Frameworks";
				PRODUCT_BUNDLE_IDENTIFIER = nl.ica.han.TweeTy;
				PRODUCT_NAME = "$(TARGET_NAME)";
				SWIFT_VERSION = 4.0;
				TARGETED_DEVICE_FAMILY = "1,2";
			};
			name = Release;
		};
/* End XCBuildConfiguration section */

/* Begin XCConfigurationList section */
		5B62E72F1F855DFC00E35983 /* Build configuration list for PBXProject "TweeTy" */ = {
			isa = XCConfigurationList;
			buildConfigurations = (
				5B62E7471F855DFC00E35983 /* Debug */,
				5B62E7481F855DFC00E35983 /* Release */,
			);
			defaultConfigurationIsVisible = 0;
			defaultConfigurationName = Release;
		};
		5B62E7491F855DFC00E35983 /* Build configuration list for PBXNativeTarget "TweeTy" */ = {
			isa = XCConfigurationList;
			buildConfigurations = (
				5B62E74A1F855DFC00E35983 /* Debug */,
				5B62E74B1F855DFC00E35983 /* Release */,
			);
			defaultConfigurationIsVisible = 0;
			defaultConfigurationName = Release;
		};
/* End XCConfigurationList section */

/* Begin XCVersionGroup section */
		5B62E73E1F855DFC00E35983 /* TweeTy.xcdatamodeld */ = {
			isa = XCVersionGroup;
			children = (
				5B62E73F1F855DFC00E35983 /* TweeTy.xcdatamodel */,
			);
			currentVersion = 5B62E73F1F855DFC00E35983 /* TweeTy.xcdatamodel */;
			path = TweeTy.xcdatamodeld;
			sourceTree = "<group>";
			versionGroupType = wrapper.xcdatamodel;
		};
/* End XCVersionGroup section */
	};
	rootObject = 5B62E72C1F855DFC00E35983 /* Project object */;
}
